
Microsoft Visual Studio Solution File, Format Version 12.00
# Visual Studio 15
VisualStudioVersion = 15.0.28307.168
MinimumVisualStudioVersion = 10.0.40219.1
Project("{FAE04EC0-301F-11D3-BF4B-00C04F79EFBC}") = "Unsubscriber", "Unsubscriber\Unsubscriber.csproj", "{9482553F-F822-4A37-A7B5-46156B3A9A81}"
EndProject
Global
	GlobalSection(SolutionConfigurationPlatforms) = preSolution
		Debug|Any CPU = Debug|Any CPU
		Release|Any CPU = Release|Any CPU
	EndGlobalSection
	GlobalSection(ProjectConfigurationPlatforms) = postSolution
		{9482553F-F822-4A37-A7B5-46156B3A9A81}.Debug|Any CPU.ActiveCfg = Debug|Any CPU
		{9482553F-F822-4A37-A7B5-46156B3A9A81}.Debug|Any CPU.Build.0 = Debug|Any CPU
		{9482553F-F822-4A37-A7B5-46156B3A9A81}.Release|Any CPU.ActiveCfg = Release|Any CPU
		{9482553F-F822-4A37-A7B5-46156B3A9A81}.Release|Any CPU.Build.0 = Release|Any CPU
	EndGlobalSection
	GlobalSection(SolutionProperties) = preSolution
		HideSolutionNode = FALSE
	EndGlobalSection
	GlobalSection(ExtensibilityGlobals) = postSolution
		SolutionGuid = {4CC7F858-5677-4D7C-AC87-712474696F4C}
	EndGlobalSection
EndGlobal
